// !$*UTF8*$!
{
	archiveVersion = 1;
	classes = {
	};
	objectVersion = 50;
	objects = {

/* Begin PBXBuildFile section */
		4994DFC322C6B74F008DBAE2 /* AppDelegate.swift in Sources */ = {isa = PBXBuildFile; fileRef = 4994DFC222C6B74F008DBAE2 /* AppDelegate.swift */; };
		4994DFC522C6B74F008DBAE2 /* ViewController.swift in Sources */ = {isa = PBXBuildFile; fileRef = 4994DFC422C6B74F008DBAE2 /* ViewController.swift */; };
		4994DFC822C6B74F008DBAE2 /* Main.storyboard in Resources */ = {isa = PBXBuildFile; fileRef = 4994DFC622C6B74F008DBAE2 /* Main.storyboard */; };
		4994DFCA22C6B755008DBAE2 /* Assets.xcassets in Resources */ = {isa = PBXBuildFile; fileRef = 4994DFC922C6B755008DBAE2 /* Assets.xcassets */; };
		4994DFCD22C6B755008DBAE2 /* LaunchScreen.storyboard in Resources */ = {isa = PBXBuildFile; fileRef = 4994DFCB22C6B755008DBAE2 /* LaunchScreen.storyboard */; };
		4994DFD622C6BE86008DBAE2 /* GoogleService-Info.plist in Resources */ = {isa = PBXBuildFile; fileRef = 4994DFD522C6BE86008DBAE2 /* GoogleService-Info.plist */; };
		4994DFD922C6C3E0008DBAE2 /* InfoFirebase.swift in Sources */ = {isa = PBXBuildFile; fileRef = 4994DFD822C6C3E0008DBAE2 /* InfoFirebase.swift */; };
		4B6BD0ED3C32FA228DE19A81 /* Pods_TestNotification.framework in Frameworks */ = {isa = PBXBuildFile; fileRef = 40E897EED6B172BFB13AE61B /* Pods_TestNotification.framework */; };
/* End PBXBuildFile section */

/* Begin PBXFileReference section */
		40E897EED6B172BFB13AE61B /* Pods_TestNotification.framework */ = {isa = PBXFileReference; explicitFileType = wrapper.framework; includeInIndex = 0; path = Pods_TestNotification.framework; sourceTree = BUILT_PRODUCTS_DIR; };
		4994DFBF22C6B74F008DBAE2 /* TestNotification.app */ = {isa = PBXFileReference; explicitFileType = wrapper.application; includeInIndex = 0; path = TestNotification.app; sourceTree = BUILT_PRODUCTS_DIR; };
		4994DFC222C6B74F008DBAE2 /* AppDelegate.swift */ = {isa = PBXFileReference; lastKnownFileType = sourcecode.swift; path = AppDelegate.swift; sourceTree = "<group>"; };
		4994DFC422C6B74F008DBAE2 /* ViewController.swift */ = {isa = PBXFileReference; lastKnownFileType = sourcecode.swift; path = ViewController.swift; sourceTree = "<group>"; };
		4994DFC722C6B74F008DBAE2 /* Base */ = {isa = PBXFileReference; lastKnownFileType = file.storyboard; name = Base; path = Base.lproj/Main.storyboard; sourceTree = "<group>"; };
		4994DFC922C6B755008DBAE2 /* Assets.xcassets */ = {isa = PBXFileReference; lastKnownFileType = folder.assetcatalog; path = Assets.xcassets; sourceTree = "<group>"; };
		4994DFCC22C6B755008DBAE2 /* Base */ = {isa = PBXFileReference; lastKnownFileType = file.storyboard; name = Base; path = Base.lproj/LaunchScreen.storyboard; sourceTree = "<group>"; };
		4994DFCE22C6B755008DBAE2 /* Info.plist */ = {isa = PBXFileReference; lastKnownFileType = text.plist.xml; path = Info.plist; sourceTree = "<group>"; };
		4994DFD522C6BE86008DBAE2 /* GoogleService-Info.plist */ = {isa = PBXFileReference; fileEncoding = 4; lastKnownFileType = text.plist.xml; name = "GoogleService-Info.plist"; path = "../../../GoogleService-Info.plist"; sourceTree = "<group>"; };
		4994DFD822C6C3E0008DBAE2 /* InfoFirebase.swift */ = {isa = PBXFileReference; lastKnownFileType = sourcecode.swift; path = InfoFirebase.swift; sourceTree = "<group>"; };
		4994DFDA22C9348D008DBAE2 /* TestNotification.entitlements */ = {isa = PBXFileReference; lastKnownFileType = text.plist.entitlements; path = TestNotification.entitlements; sourceTree = "<group>"; };
		CA33EFA614E7C267B32708E2 /* Pods-TestNotification.release.xcconfig */ = {isa = PBXFileReference; includeInIndex = 1; lastKnownFileType = text.xcconfig; name = "Pods-TestNotification.release.xcconfig"; path = "Target Support Files/Pods-TestNotification/Pods-TestNotification.release.xcconfig"; sourceTree = "<group>"; };
		D21EB9C6F54DF6CB8F994A21 /* Pods-TestNotification.debug.xcconfig */ = {isa = PBXFileReference; includeInIndex = 1; lastKnownFileType = text.xcconfig; name = "Pods-TestNotification.debug.xcconfig"; path = "Target Support Files/Pods-TestNotification/Pods-TestNotification.debug.xcconfig"; sourceTree = "<group>"; };
/* End PBXFileReference section */

/* Begin PBXFrameworksBuildPhase section */
		4994DFBC22C6B74F008DBAE2 /* Frameworks */ = {
			isa = PBXFrameworksBuildPhase;
			buildActionMask = 2147483647;
			files = (
				4B6BD0ED3C32FA228DE19A81 /* Pods_TestNotification.framework in Frameworks */,
			);
			runOnlyForDeploymentPostprocessing = 0;
		};
/* End PBXFrameworksBuildPhase section */

/* Begin PBXGroup section */
		4994DFB622C6B74F008DBAE2 = {
			isa = PBXGroup;
			children = (
				4994DFC122C6B74F008DBAE2 /* TestNotification */,
				4994DFC022C6B74F008DBAE2 /* Products */,
				937D9395111295C39973E354 /* Pods */,
				A9E474058EAB82A53BCD4C99 /* Frameworks */,
			);
			sourceTree = "<group>";
		};
		4994DFC022C6B74F008DBAE2 /* Products */ = {
			isa = PBXGroup;
			children = (
				4994DFBF22C6B74F008DBAE2 /* TestNotification.app */,
			);
			name = Products;
			sourceTree = "<group>";
		};
		4994DFC122C6B74F008DBAE2 /* TestNotification */ = {
			isa = PBXGroup;
			children = (
				4994DFDA22C9348D008DBAE2 /* TestNotification.entitlements */,
				4994DFD722C6C3A1008DBAE2 /* Models */,
				4994DFC222C6B74F008DBAE2 /* AppDelegate.swift */,
				4994DFC422C6B74F008DBAE2 /* ViewController.swift */,
				4994DFC622C6B74F008DBAE2 /* Main.storyboard */,
				4994DFC922C6B755008DBAE2 /* Assets.xcassets */,
				4994DFD522C6BE86008DBAE2 /* GoogleService-Info.plist */,
				4994DFCB22C6B755008DBAE2 /* LaunchScreen.storyboard */,
				4994DFCE22C6B755008DBAE2 /* Info.plist */,
			);
			path = TestNotification;
			sourceTree = "<group>";
		};
		4994DFD722C6C3A1008DBAE2 /* Models */ = {
			isa = PBXGroup;
			children = (
				4994DFD822C6C3E0008DBAE2 /* InfoFirebase.swift */,
			);
			path = Models;
			sourceTree = "<group>";
		};
		937D9395111295C39973E354 /* Pods */ = {
			isa = PBXGroup;
			children = (
				D21EB9C6F54DF6CB8F994A21 /* Pods-TestNotification.debug.xcconfig */,
				CA33EFA614E7C267B32708E2 /* Pods-TestNotification.release.xcconfig */,
			);
			path = Pods;
			sourceTree = "<group>";
		};
		A9E474058EAB82A53BCD4C99 /* Frameworks */ = {
			isa = PBXGroup;
			children = (
				40E897EED6B172BFB13AE61B /* Pods_TestNotification.framework */,
			);
			name = Frameworks;
			sourceTree = "<group>";
		};
/* End PBXGroup section */

/* Begin PBXNativeTarget section */
		4994DFBE22C6B74F008DBAE2 /* TestNotification */ = {
			isa = PBXNativeTarget;
			buildConfigurationList = 4994DFD122C6B755008DBAE2 /* Build configuration list for PBXNativeTarget "TestNotification" */;
			buildPhases = (
				716E0832A92DFE8E5AAE108F /* [CP] Check Pods Manifest.lock */,
				4994DFBB22C6B74F008DBAE2 /* Sources */,
				4994DFBC22C6B74F008DBAE2 /* Frameworks */,
				4994DFBD22C6B74F008DBAE2 /* Resources */,
				6667CA359DA3CCE3116D314C /* [CP] Embed Pods Frameworks */,
			);
			buildRules = (
			);
			dependencies = (
			);
			name = TestNotification;
			productName = TestNotification;
			productReference = 4994DFBF22C6B74F008DBAE2 /* TestNotification.app */;
			productType = "com.apple.product-type.application";
		};
/* End PBXNativeTarget section */

/* Begin PBXProject section */
		4994DFB722C6B74F008DBAE2 /* Project object */ = {
			isa = PBXProject;
			attributes = {
				LastSwiftUpdateCheck = 1020;
				LastUpgradeCheck = 1020;
				ORGANIZATIONNAME = multiva;
				TargetAttributes = {
					4994DFBE22C6B74F008DBAE2 = {
						CreatedOnToolsVersion = 10.2.1;
						SystemCapabilities = {
							com.apple.BackgroundModes = {
								enabled = 1;
							};
							com.apple.Push = {
								enabled = 1;
							};
						};
					};
				};
			};
			buildConfigurationList = 4994DFBA22C6B74F008DBAE2 /* Build configuration list for PBXProject "TestNotification" */;
			compatibilityVersion = "Xcode 9.3";
			developmentRegion = en;
			hasScannedForEncodings = 0;
			knownRegions = (
				en,
				Base,
			);
			mainGroup = 4994DFB622C6B74F008DBAE2;
			productRefGroup = 4994DFC022C6B74F008DBAE2 /* Products */;
			projectDirPath = "";
			projectRoot = "";
			targets = (
				4994DFBE22C6B74F008DBAE2 /* TestNotification */,
			);
		};
/* End PBXProject section */

/* Begin PBXResourcesBuildPhase section */
		4994DFBD22C6B74F008DBAE2 /* Resources */ = {
			isa = PBXResourcesBuildPhase;
			buildActionMask = 2147483647;
			files = (
				4994DFCD22C6B755008DBAE2 /* LaunchScreen.storyboard in Resources */,
				4994DFD622C6BE86008DBAE2 /* GoogleService-Info.plist in Resources */,
				4994DFCA22C6B755008DBAE2 /* Assets.xcassets in Resources */,
				4994DFC822C6B74F008DBAE2 /* Main.storyboard in Resources */,
			);
			runOnlyForDeploymentPostprocessing = 0;
		};
/* End PBXResourcesBuildPhase section */

/* Begin PBXShellScriptBuildPhase section */
		6667CA359DA3CCE3116D314C /* [CP] Embed Pods Frameworks */ = {
			isa = PBXShellScriptBuildPhase;
			buildActionMask = 2147483647;
			files = (
			);
			inputFileListPaths = (
			);
			inputPaths = (
				"${PODS_ROOT}/Target Support Files/Pods-TestNotification/Pods-TestNotification-frameworks.sh",
				"${BUILT_PRODUCTS_DIR}/GoogleUtilities/GoogleUtilities.framework",
				"${BUILT_PRODUCTS_DIR}/Protobuf/Protobuf.framework",
				"${BUILT_PRODUCTS_DIR}/nanopb/nanopb.framework",
			);
			name = "[CP] Embed Pods Frameworks";
			outputFileListPaths = (
			);
			outputPaths = (
				"${TARGET_BUILD_DIR}/${FRAMEWORKS_FOLDER_PATH}/GoogleUtilities.framework",
				"${TARGET_BUILD_DIR}/${FRAMEWORKS_FOLDER_PATH}/Protobuf.framework",
				"${TARGET_BUILD_DIR}/${FRAMEWORKS_FOLDER_PATH}/nanopb.framework",
			);
			runOnlyForDeploymentPostprocessing = 0;
			shellPath = /bin/sh;
			shellScript = "\"${PODS_ROOT}/Target Support Files/Pods-TestNotification/Pods-TestNotification-frameworks.sh\"\n";
			showEnvVarsInLog = 0;
		};
		716E0832A92DFE8E5AAE108F /* [CP] Check Pods Manifest.lock */ = {
			isa = PBXShellScriptBuildPhase;
			buildActionMask = 2147483647;
			files = (
			);
			inputFileListPaths = (
			);
			inputPaths = (
				"${PODS_PODFILE_DIR_PATH}/Podfile.lock",
				"${PODS_ROOT}/Manifest.lock",
			);
			name = "[CP] Check Pods Manifest.lock";
			outputFileListPaths = (
			);
			outputPaths = (
				"$(DERIVED_FILE_DIR)/Pods-TestNotification-checkManifestLockResult.txt",
			);
			runOnlyForDeploymentPostprocessing = 0;
			shellPath = /bin/sh;
			shellScript = "diff \"${PODS_PODFILE_DIR_PATH}/Podfile.lock\" \"${PODS_ROOT}/Manifest.lock\" > /dev/null\nif [ $? != 0 ] ; then\n    # print error to STDERR\n    echo \"error: The sandbox is not in sync with the Podfile.lock. Run 'pod install' or update your CocoaPods installation.\" >&2\n    exit 1\nfi\n# This output is used by Xcode 'outputs' to avoid re-running this script phase.\necho \"SUCCESS\" > \"${SCRIPT_OUTPUT_FILE_0}\"\n";
			showEnvVarsInLog = 0;
		};
/* End PBXShellScriptBuildPhase section */

/* Begin PBXSourcesBuildPhase section */
		4994DFBB22C6B74F008DBAE2 /* Sources */ = {
			isa = PBXSourcesBuildPhase;
			buildActionMask = 2147483647;
			files = (
				4994DFC522C6B74F008DBAE2 /* ViewController.swift in Sources */,
				4994DFC322C6B74F008DBAE2 /* AppDelegate.swift in Sources */,
				4994DFD922C6C3E0008DBAE2 /* InfoFirebase.swift in Sources */,
			);
			runOnlyForDeploymentPostprocessing = 0;
		};
/* End PBXSourcesBuildPhase section */

/* Begin PBXVariantGroup section */
		4994DFC622C6B74F008DBAE2 /* Main.storyboard */ = {
			isa = PBXVariantGroup;
			children = (
				4994DFC722C6B74F008DBAE2 /* Base */,
			);
			name = Main.storyboard;
			sourceTree = "<group>";
		};
		4994DFCB22C6B755008DBAE2 /* LaunchScreen.storyboard */ = {
			isa = PBXVariantGroup;
			children = (
				4994DFCC22C6B755008DBAE2 /* Base */,
			);
			name = LaunchScreen.storyboard;
			sourceTree = "<group>";
		};
/* End PBXVariantGroup section */

/* Begin XCBuildConfiguration section */
		4994DFCF22C6B755008DBAE2 /* Debug */ = {
			isa = XCBuildConfiguration;
			buildSettings = {
				ALWAYS_SEARCH_USER_PATHS = NO;
				CLANG_ANALYZER_NONNULL = YES;
				CLANG_ANALYZER_NUMBER_OBJECT_CONVERSION = YES_AGGRESSIVE;
				CLANG_CXX_LANGUAGE_STANDARD = "gnu++14";
				CLANG_CXX_LIBRARY = "libc++";
				CLANG_ENABLE_MODULES = YES;
				CLANG_ENABLE_OBJC_ARC = YES;
				CLANG_ENABLE_OBJC_WEAK = YES;
				CLANG_WARN_BLOCK_CAPTURE_AUTORELEASING = YES;
				CLANG_WARN_BOOL_CONVERSION = YES;
				CLANG_WARN_COMMA = YES;
				CLANG_WARN_CONSTANT_CONVERSION = YES;
				CLANG_WARN_DEPRECATED_OBJC_IMPLEMENTATIONS = YES;
				CLANG_WARN_DIRECT_OBJC_ISA_USAGE = YES_ERROR;
				CLANG_WARN_DOCUMENTATION_COMMENTS = YES;
				CLANG_WARN_EMPTY_BODY = YES;
				CLANG_WARN_ENUM_CONVERSION = YES;
				CLANG_WARN_INFINITE_RECURSION = YES;
				CLANG_WARN_INT_CONVERSION = YES;
				CLANG_WARN_NON_LITERAL_NULL_CONVERSION = YES;
				CLANG_WARN_OBJC_IMPLICIT_RETAIN_SELF = YES;
				CLANG_WARN_OBJC_LITERAL_CONVERSION = YES;
				CLANG_WARN_OBJC_ROOT_CLASS = YES_ERROR;
				CLANG_WARN_RANGE_LOOP_ANALYSIS = YES;
				CLANG_WARN_STRICT_PROTOTYPES = YES;
				CLANG_WARN_SUSPICIOUS_MOVE = YES;
				CLANG_WARN_UNGUARDED_AVAILABILITY = YES_AGGRESSIVE;
				CLANG_WARN_UNREACHABLE_CODE = YES;
				CLANG_WARN__DUPLICATE_METHOD_MATCH = YES;
				CODE_SIGN_IDENTITY = "iPhone Developer";
				COPY_PHASE_STRIP = NO;
				DEBUG_INFORMATION_FORMAT = dwarf;
				ENABLE_STRICT_OBJC_MSGSEND = YES;
				ENABLE_TESTABILITY = YES;
				GCC_C_LANGUAGE_STANDARD = gnu11;
				GCC_DYNAMIC_NO_PIC = NO;
				GCC_NO_COMMON_BLOCKS = YES;
				GCC_OPTIMIZATION_LEVEL = 0;
				GCC_PREPROCESSOR_DEFINITIONS = (
					"DEBUG=1",
					"$(inherited)",
				);
				GCC_WARN_64_TO_32_BIT_CONVERSION = YES;
				GCC_WARN_ABOUT_RETURN_TYPE = YES_ERROR;
				GCC_WARN_UNDECLARED_SELECTOR = YES;
				GCC_WARN_UNINITIALIZED_AUTOS = YES_AGGRESSIVE;
				GCC_WARN_UNUSED_FUNCTION = YES;
				GCC_WARN_UNUSED_VARIABLE = YES;
				IPHONEOS_DEPLOYMENT_TARGET = 12.2;
				MTL_ENABLE_DEBUG_INFO = INCLUDE_SOURCE;
				MTL_FAST_MATH = YES;
				ONLY_ACTIVE_ARCH = YES;
				SDKROOT = iphoneos;
				SWIFT_ACTIVE_COMPILATION_CONDITIONS = DEBUG;
				SWIFT_OPTIMIZATION_LEVEL = "-Onone";
			};
			name = Debug;
		};
		4994DFD022C6B755008DBAE2 /* Release */ = {
			isa = XCBuildConfiguration;
			buildSettings = {
				ALWAYS_SEARCH_USER_PATHS = NO;
				CLANG_ANALYZER_NONNULL = YES;
				CLANG_ANALYZER_NUMBER_OBJECT_CONVERSION = YES_AGGRESSIVE;
				CLANG_CXX_LANGUAGE_STANDARD = "gnu++14";
				CLANG_CXX_LIBRARY = "libc++";
				CLANG_ENABLE_MODULES = YES;
				CLANG_ENABLE_OBJC_ARC = YES;
				CLANG_ENABLE_OBJC_WEAK = YES;
				CLANG_WARN_BLOCK_CAPTURE_AUTORELEASING = YES;
				CLANG_WARN_BOOL_CONVERSION = YES;
				CLANG_WARN_COMMA = YES;
				CLANG_WARN_CONSTANT_CONVERSION = YES;
				CLANG_WARN_DEPRECATED_OBJC_IMPLEMENTATIONS = YES;
				CLANG_WARN_DIRECT_OBJC_ISA_USAGE = YES_ERROR;
				CLANG_WARN_DOCUMENTATION_COMMENTS = YES;
				CLANG_WARN_EMPTY_BODY = YES;
				CLANG_WARN_ENUM_CONVERSION = YES;
				CLANG_WARN_INFINITE_RECURSION = YES;
				CLANG_WARN_INT_CONVERSION = YES;
				CLANG_WARN_NON_LITERAL_NULL_CONVERSION = YES;
				CLANG_WARN_OBJC_IMPLICIT_RETAIN_SELF = YES;
				CLANG_WARN_OBJC_LITERAL_CONVERSION = YES;
				CLANG_WARN_OBJC_ROOT_CLASS = YES_ERROR;
				CLANG_WARN_RANGE_LOOP_ANALYSIS = YES;
				CLANG_WARN_STRICT_PROTOTYPES = YES;
				CLANG_WARN_SUSPICIOUS_MOVE = YES;
				CLANG_WARN_UNGUARDED_AVAILABILITY = YES_AGGRESSIVE;
				CLANG_WARN_UNREACHABLE_CODE = YES;
				CLANG_WARN__DUPLICATE_METHOD_MATCH = YES;
				CODE_SIGN_IDENTITY = "iPhone Developer";
				COPY_PHASE_STRIP = NO;
				DEBUG_INFORMATION_FORMAT = "dwarf-with-dsym";
				ENABLE_NS_ASSERTIONS = NO;
				ENABLE_STRICT_OBJC_MSGSEND = YES;
				GCC_C_LANGUAGE_STANDARD = gnu11;
				GCC_NO_COMMON_BLOCKS = YES;
				GCC_WARN_64_TO_32_BIT_CONVERSION = YES;
				GCC_WARN_ABOUT_RETURN_TYPE = YES_ERROR;
				GCC_WARN_UNDECLARED_SELECTOR = YES;
				GCC_WARN_UNINITIALIZED_AUTOS = YES_AGGRESSIVE;
				GCC_WARN_UNUSED_FUNCTION = YES;
				GCC_WARN_UNUSED_VARIABLE = YES;
				IPHONEOS_DEPLOYMENT_TARGET = 12.2;
				MTL_ENABLE_DEBUG_INFO = NO;
				MTL_FAST_MATH = YES;
				SDKROOT = iphoneos;
				SWIFT_COMPILATION_MODE = wholemodule;
				SWIFT_OPTIMIZATION_LEVEL = "-O";
				VALIDATE_PRODUCT = YES;
			};
			name = Release;
		};
		4994DFD222C6B755008DBAE2 /* Debug */ = {
			isa = XCBuildConfiguration;
			baseConfigurationReference = D21EB9C6F54DF6CB8F994A21 /* Pods-TestNotification.debug.xcconfig */;
			buildSettings = {
				ASSETCATALOG_COMPILER_APPICON_NAME = AppIcon;
				CODE_SIGN_ENTITLEMENTS = TestNotification/TestNotification.entitlements;
				CODE_SIGN_STYLE = Automatic;
				DEVELOPMENT_TEAM = 7APLH2634H;
				INFOPLIST_FILE = TestNotification/Info.plist;
				LD_RUNPATH_SEARCH_PATHS = (
					"$(inherited)",
					"@executable_path/Frameworks",
				);
				PRODUCT_BUNDLE_IDENTIFIER = com.multiva.TestNotification;
				PRODUCT_NAME = "$(TARGET_NAME)";
				SWIFT_VERSION = 5.0;
				TARGETED_DEVICE_FAMILY = 1;
			};
			name = Debug;
		};
		4994DFD322C6B755008DBAE2 /* Release */ = {
			isa = XCBuildConfiguration;
			baseConfigurationReference = CA33EFA614E7C267B32708E2 /* Pods-TestNotification.release.xcconfig */;
			buildSettings = {
				ASSETCATALOG_COMPILER_APPICON_NAME = AppIcon;
				CODE_SIGN_ENTITLEMENTS = TestNotification/TestNotification.entitlements;
				CODE_SIGN_STYLE = Automatic;
				DEVELOPMENT_TEAM = 7APLH2634H;
				INFOPLIST_FILE = TestNotification/Info.plist;
				LD_RUNPATH_SEARCH_PATHS = (
					"$(inherited)",
					"@executable_path/Frameworks",
				);
				PRODUCT_BUNDLE_IDENTIFIER = com.multiva.TestNotification;
				PRODUCT_NAME = "$(TARGET_NAME)";
				SWIFT_VERSION = 5.0;
				TARGETED_DEVICE_FAMILY = 1;
			};
			name = Release;
		};
/* End XCBuildConfiguration section */

/* Begin XCConfigurationList section */
		4994DFBA22C6B74F008DBAE2 /* Build configuration list for PBXProject "TestNotification" */ = {
			isa = XCConfigurationList;
			buildConfigurations = (
				4994DFCF22C6B755008DBAE2 /* Debug */,
				4994DFD022C6B755008DBAE2 /* Release */,
			);
			defaultConfigurationIsVisible = 0;
			defaultConfigurationName = Release;
		};
		4994DFD122C6B755008DBAE2 /* Build configuration list for PBXNativeTarget "TestNotification" */ = {
			isa = XCConfigurationList;
			buildConfigurations = (
				4994DFD222C6B755008DBAE2 /* Debug */,
				4994DFD322C6B755008DBAE2 /* Release */,
			);
			defaultConfigurationIsVisible = 0;
			defaultConfigurationName = Release;
		};
/* End XCConfigurationList section */
	};
	rootObject = 4994DFB722C6B74F008DBAE2 /* Project object */;
}
